
Microsoft Visual Studio Solution File, Format Version 12.00
# Visual Studio Version 16
VisualStudioVersion = 16.0.30611.23
MinimumVisualStudioVersion = 10.0.40219.1
Project("{2150E333-8FDC-42A3-9474-1A3956D46DE8}") = "Sources", "Sources", "{E9FC8C4E-629D-4D03-B95C-ADF80A98675B}"
EndProject
Project("{2150E333-8FDC-42A3-9474-1A3956D46DE8}") = "Tools", "Tools", "{424D88EE-5075-450D-9DB3-39FA5E0A6C30}"
EndProject
Project("{2150E333-8FDC-42A3-9474-1A3956D46DE8}") = "Common", "Common", "{9C019920-C112-4DBB-B6C7-7936903B33DA}"
EndProject
Project("{2150E333-8FDC-42A3-9474-1A3956D46DE8}") = "Servers", "Servers", "{3D8FCCFE-7339-4FE2-AAA5-C376FC192FD0}"
EndProject
Project("{2150E333-8FDC-42A3-9474-1A3956D46DE8}") = "Auth", "Auth", "{383CDEAE-8451-429B-9F6D-950309DE6655}"
EndProject
Project("{2150E333-8FDC-42A3-9474-1A3956D46DE8}") = "World", "World", "{D5BB4381-A946-44FD-BED7-1A9DE8F33E47}"
EndProject
Project("{9A19103F-16F7-4668-BE54-9A1E7A4F7556}") = "RailEmu.Core", "Common\RailEmu.Core\RailEmu.Core.csproj", "{9B001AD0-9D57-4D42-85BD-A45E2418DC5C}"
EndProject
Project("{9A19103F-16F7-4668-BE54-9A1E7A4F7556}") = "RailEmu.Database", "Common\RailEmu.Database\RailEmu.Database.csproj", "{94E4304E-D085-4622-9CCC-2E68A5CBFE45}"
EndProject
Project("{9A19103F-16F7-4668-BE54-9A1E7A4F7556}") = "RailEmu.Network", "Common\RailEmu.Network\RailEmu.Network.csproj", "{462BC0C6-2A7D-4F42-811F-1A5DB70B8D68}"
EndProject
Project("{9A19103F-16F7-4668-BE54-9A1E7A4F7556}") = "RailEmu.Auth.Database", "Servers\Auth\RailEmu.Auth.Database\RailEmu.Auth.Database.csproj", "{EE34DEC2-8F98-41DB-81A2-686C9D640D4E}"
EndProject
Project("{9A19103F-16F7-4668-BE54-9A1E7A4F7556}") = "RailEmu.Auth.Launcher", "Servers\Auth\RailEmu.Auth.Launcher\RailEmu.Auth.Launcher.csproj", "{866FA659-3AA0-4956-B887-88B05477B775}"
EndProject
Project("{9A19103F-16F7-4668-BE54-9A1E7A4F7556}") = "RailEmu.World.Launcher", "Servers\World\RailEmu.World.Launcher\RailEmu.World.Launcher.csproj", "{3AAD8E52-3EA4-4F62-8912-71C726D49E22}"
EndProject
Global
	GlobalSection(SolutionConfigurationPlatforms) = preSolution
		Debug|Any CPU = Debug|Any CPU
		Release|Any CPU = Release|Any CPU
	EndGlobalSection
	GlobalSection(ProjectConfigurationPlatforms) = postSolution
		{9B001AD0-9D57-4D42-85BD-A45E2418DC5C}.Debug|Any CPU.ActiveCfg = Debug|Any CPU
		{9B001AD0-9D57-4D42-85BD-A45E2418DC5C}.Debug|Any CPU.Build.0 = Debug|Any CPU
		{9B001AD0-9D57-4D42-85BD-A45E2418DC5C}.Release|Any CPU.ActiveCfg = Release|Any CPU
		{9B001AD0-9D57-4D42-85BD-A45E2418DC5C}.Release|Any CPU.Build.0 = Release|Any CPU
		{94E4304E-D085-4622-9CCC-2E68A5CBFE45}.Debug|Any CPU.ActiveCfg = Debug|Any CPU
		{94E4304E-D085-4622-9CCC-2E68A5CBFE45}.Debug|Any CPU.Build.0 = Debug|Any CPU
		{94E4304E-D085-4622-9CCC-2E68A5CBFE45}.Release|Any CPU.ActiveCfg = Release|Any CPU
		{94E4304E-D085-4622-9CCC-2E68A5CBFE45}.Release|Any CPU.Build.0 = Release|Any CPU
		{462BC0C6-2A7D-4F42-811F-1A5DB70B8D68}.Debug|Any CPU.ActiveCfg = Debug|Any CPU
		{462BC0C6-2A7D-4F42-811F-1A5DB70B8D68}.Debug|Any CPU.Build.0 = Debug|Any CPU
		{462BC0C6-2A7D-4F42-811F-1A5DB70B8D68}.Release|Any CPU.ActiveCfg = Release|Any CPU
		{462BC0C6-2A7D-4F42-811F-1A5DB70B8D68}.Release|Any CPU.Build.0 = Release|Any CPU
		{EE34DEC2-8F98-41DB-81A2-686C9D640D4E}.Debug|Any CPU.ActiveCfg = Debug|Any CPU
		{EE34DEC2-8F98-41DB-81A2-686C9D640D4E}.Debug|Any CPU.Build.0 = Debug|Any CPU
		{EE34DEC2-8F98-41DB-81A2-686C9D640D4E}.Release|Any CPU.ActiveCfg = Release|Any CPU
		{EE34DEC2-8F98-41DB-81A2-686C9D640D4E}.Release|Any CPU.Build.0 = Release|Any CPU
		{866FA659-3AA0-4956-B887-88B05477B775}.Debug|Any CPU.ActiveCfg = Debug|Any CPU
		{866FA659-3AA0-4956-B887-88B05477B775}.Debug|Any CPU.Build.0 = Debug|Any CPU
		{866FA659-3AA0-4956-B887-88B05477B775}.Release|Any CPU.ActiveCfg = Release|Any CPU
		{866FA659-3AA0-4956-B887-88B05477B775}.Release|Any CPU.Build.0 = Release|Any CPU
		{3AAD8E52-3EA4-4F62-8912-71C726D49E22}.Debug|Any CPU.ActiveCfg = Debug|Any CPU
		{3AAD8E52-3EA4-4F62-8912-71C726D49E22}.Debug|Any CPU.Build.0 = Debug|Any CPU
		{3AAD8E52-3EA4-4F62-8912-71C726D49E22}.Release|Any CPU.ActiveCfg = Release|Any CPU
		{3AAD8E52-3EA4-4F62-8912-71C726D49E22}.Release|Any CPU.Build.0 = Release|Any CPU
	EndGlobalSection
	GlobalSection(SolutionProperties) = preSolution
		HideSolutionNode = FALSE
	EndGlobalSection
	GlobalSection(NestedProjects) = preSolution
		{424D88EE-5075-450D-9DB3-39FA5E0A6C30} = {E9FC8C4E-629D-4D03-B95C-ADF80A98675B}
		{9C019920-C112-4DBB-B6C7-7936903B33DA} = {E9FC8C4E-629D-4D03-B95C-ADF80A98675B}
		{3D8FCCFE-7339-4FE2-AAA5-C376FC192FD0} = {E9FC8C4E-629D-4D03-B95C-ADF80A98675B}
		{383CDEAE-8451-429B-9F6D-950309DE6655} = {3D8FCCFE-7339-4FE2-AAA5-C376FC192FD0}
		{D5BB4381-A946-44FD-BED7-1A9DE8F33E47} = {3D8FCCFE-7339-4FE2-AAA5-C376FC192FD0}
		{9B001AD0-9D57-4D42-85BD-A45E2418DC5C} = {9C019920-C112-4DBB-B6C7-7936903B33DA}
		{94E4304E-D085-4622-9CCC-2E68A5CBFE45} = {9C019920-C112-4DBB-B6C7-7936903B33DA}
		{462BC0C6-2A7D-4F42-811F-1A5DB70B8D68} = {9C019920-C112-4DBB-B6C7-7936903B33DA}
		{EE34DEC2-8F98-41DB-81A2-686C9D640D4E} = {383CDEAE-8451-429B-9F6D-950309DE6655}
		{866FA659-3AA0-4956-B887-88B05477B775} = {383CDEAE-8451-429B-9F6D-950309DE6655}
		{3AAD8E52-3EA4-4F62-8912-71C726D49E22} = {D5BB4381-A946-44FD-BED7-1A9DE8F33E47}
	EndGlobalSection
	GlobalSection(ExtensibilityGlobals) = postSolution
		SolutionGuid = {FC9EE668-621F-4966-BF54-BF4A2C899043}
	EndGlobalSection
EndGlobal
